// !$*UTF8*$!
{
	archiveVersion = 1;
	classes = {
	};
	objectVersion = 70;
	objects = {

/* Begin PBXBuildFile section */
		4415C48A3075E7BB00218BBD /* RingBuffer.swift in Sources */ = {isa = PBXBuildFile; fileRef = 4415C4893075E7BB00218BBD /* RingBuffer.swift */; };
		4415C48C3075E7C400218BBD /* Histogram.swift in Sources */ = {isa = PBXBuildFile; fileRef = 4415C48B3075E7C400218BBD /* Histogram.swift */; };
		4415C48E3075E7CC00218BBD /* HistogramView.swift in Sources */ = {isa = PBXBuildFile; fileRef = 4415C48D3075E7CC00218BBD /* HistogramView.swift */; };
		4415C4903076BBAD00218BBD /* TimeIntervalList.swift in Sources */ = {isa = PBXBuildFile; fileRef = 4415C48F3076BBAD00218BBD /* TimeIntervalList.swift */; };
		4415C494307960F600218BBD /* FrameFilter.swift in Sources */ = {isa = PBXBuildFile; fileRef = 4415C493307960F600218BBD /* FrameFilter.swift */; };
		4415C4963079735600218BBD /* CVPixelBufferExtension.swift in Sources */ = {isa = PBXBuildFile; fileRef = 4415C4953079735600218BBD /* CVPixelBufferExtension.swift */; };
		44A1A3042B5F0A1200DAB24F /* FlickerFindrApp.swift in Sources */ = {isa = PBXBuildFile; fileRef = 44A1A3032B5F0A1200DAB24F /* FlickerFindrApp.swift */; };
		44A1A3062B5F0A1200DAB24F /* ContentView.swift in Sources */ = {isa = PBXBuildFile; fileRef = 44A1A3052B5F0A1200DAB24F /* ContentView.swift */; };
		44A1A3082B5F0A1400DAB24F /* Assets.xcassets in Resources */ = {isa = PBXBuildFile; fileRef = 44A1A3072B5F0A1400DAB24F /* Assets.xcassets */; };
		44A1A30B2B5F0A1400DAB24F /* Preview Assets.xcassets in Resources */ = {isa = PBXBuildFile; fileRef = 44A1A30A2B5F0A1400DAB24F /* Preview Assets.xcassets */; };
		44A1A3152B5F0A1500DAB24F /* FlickerFindrTests.swift in Sources */ = {isa = PBXBuildFile; fileRef = 44A1A3142B5F0A1500DAB24F /* FlickerFindrTests.swift */; };
		44A1A31F2B5F0A1500DAB24F /* FlickerFindrUITests.swift in Sources */ = {isa = PBXBuildFile; fileRef = 44A1A31E2B5F0A1500DAB24F /* FlickerFindrUITests.swift */; };
		44A1A3212B5F0A1500DAB24F /* FlickerFindrUITestsLaunchTests.swift in Sources */ = {isa = PBXBuildFile; fileRef = 44A1A3202B5F0A1500DAB24F /* FlickerFindrUITestsLaunchTests.swift */; };
		44A1A3362B5F50E200DAB24F /* FrameView.swift in Sources */ = {isa = PBXBuildFile; fileRef = 44A1A3352B5F50E200DAB24F /* FrameView.swift */; };
		44A1A3382B5F517100DAB24F /* FrameHandler.swift in Sources */ = {isa = PBXBuildFile; fileRef = 44A1A3372B5F517100DAB24F /* FrameHandler.swift */; };
/* End PBXBuildFile section */

/* Begin PBXContainerItemProxy section */
		44A1A3112B5F0A1500DAB24F /* PBXContainerItemProxy */ = {
			isa = PBXContainerItemProxy;
			containerPortal = 44A1A2F82B5F0A1200DAB24F /* Project object */;
			proxyType = 1;
			remoteGlobalIDString = 44A1A2FF2B5F0A1200DAB24F;
			remoteInfo = FlickerFindr;
		};
		44A1A31B2B5F0A1500DAB24F /* PBXContainerItemProxy */ = {
			isa = PBXContainerItemProxy;
			containerPortal = 44A1A2F82B5F0A1200DAB24F /* Project object */;
			proxyType = 1;
			remoteGlobalIDString = 44A1A2FF2B5F0A1200DAB24F;
			remoteInfo = FlickerFindr;
		};
/* End PBXContainerItemProxy section */

/* Begin PBXFileReference section */
		4415C4893075E7BB00218BBD /* RingBuffer.swift */ = {isa = PBXFileReference; lastKnownFileType = sourcecode.swift; path = RingBuffer.swift; sourceTree = "<group>"; };
		4415C48B3075E7C400218BBD /* Histogram.swift */ = {isa = PBXFileReference; lastKnownFileType = sourcecode.swift; path = Histogram.swift; sourceTree = "<group>"; };
		4415C48D3075E7CC00218BBD /* HistogramView.swift */ = {isa = PBXFileReference; lastKnownFileType = sourcecode.swift; path = HistogramView.swift; sourceTree = "<group>"; };
		4415C48F3076BBAD00218BBD /* TimeIntervalList.swift */ = {isa = PBXFileReference; lastKnownFileType = sourcecode.swift; path = TimeIntervalList.swift; sourceTree = "<group>"; };
		4415C493307960F600218BBD /* FrameFilter.swift */ = {isa = PBXFileReference; lastKnownFileType = sourcecode.swift; path = FrameFilter.swift; sourceTree = "<group>"; };
		4415C4953079735600218BBD /* CVPixelBufferExtension.swift */ = {isa = PBXFileReference; lastKnownFileType = sourcecode.swift; path = CVPixelBufferExtension.swift; sourceTree = "<group>"; };
		44A1A3002B5F0A1200DAB24F /* FlickerFindr.app */ = {isa = PBXFileReference; explicitFileType = wrapper.application; includeInIndex = 0; path = FlickerFindr.app; sourceTree = BUILT_PRODUCTS_DIR; };
		44A1A3032B5F0A1200DAB24F /* FlickerFindrApp.swift */ = {isa = PBXFileReference; lastKnownFileType = sourcecode.swift; path = FlickerFindrApp.swift; sourceTree = "<group>"; };
		44A1A3052B5F0A1200DAB24F /* ContentView.swift */ = {isa = PBXFileReference; lastKnownFileType = sourcecode.swift; path = ContentView.swift; sourceTree = "<group>"; };
		44A1A3072B5F0A1400DAB24F /* Assets.xcassets */ = {isa = PBXFileReference; lastKnownFileType = folder.assetcatalog; path = Assets.xcassets; sourceTree = "<group>"; };
		44A1A30A2B5F0A1400DAB24F /* Preview Assets.xcassets */ = {isa = PBXFileReference; lastKnownFileType = folder.assetcatalog; path = "Preview Assets.xcassets"; sourceTree = "<group>"; };
		44A1A3102B5F0A1500DAB24F /* FlickerFindrTests.xctest */ = {isa = PBXFileReference; explicitFileType = wrapper.cfbundle; includeInIndex = 0; path = FlickerFindrTests.xctest; sourceTree = BUILT_PRODUCTS_DIR; };
		44A1A3142B5F0A1500DAB24F /* FlickerFindrTests.swift */ = {isa = PBXFileReference; lastKnownFileType = sourcecode.swift; path = FlickerFindrTests.swift; sourceTree = "<group>"; };
		44A1A31A2B5F0A1500DAB24F /* FlickerFindrUITests.xctest */ = {isa = PBXFileReference; explicitFileType = wrapper.cfbundle; includeInIndex = 0; path = FlickerFindrUITests.xctest; sourceTree = BUILT_PRODUCTS_DIR; };
		44A1A31E2B5F0A1500DAB24F /* FlickerFindrUITests.swift */ = {isa = PBXFileReference; lastKnownFileType = sourcecode.swift; path = FlickerFindrUITests.swift; sourceTree = "<group>"; };
		44A1A3202B5F0A1500DAB24F /* FlickerFindrUITestsLaunchTests.swift */ = {isa = PBXFileReference; lastKnownFileType = sourcecode.swift; path = FlickerFindrUITestsLaunchTests.swift; sourceTree = "<group>"; };
		44A1A3352B5F50E200DAB24F /* FrameView.swift */ = {isa = PBXFileReference; lastKnownFileType = sourcecode.swift; path = FrameView.swift; sourceTree = "<group>"; };
		44A1A3372B5F517100DAB24F /* FrameHandler.swift */ = {isa = PBXFileReference; lastKnownFileType = sourcecode.swift; path = FrameHandler.swift; sourceTree = "<group>"; };
/* End PBXFileReference section */

/* Begin PBXFileSystemSynchronizedRootGroup section */
		44D90DD6306C4CF90028F96C /* Notes */ = {isa = PBXFileSystemSynchronizedRootGroup; explicitFileTypes = {}; explicitFolders = (); path = Notes; sourceTree = "<group>"; };
/* End PBXFileSystemSynchronizedRootGroup section */

/* Begin PBXFrameworksBuildPhase section */
		44A1A2FD2B5F0A1200DAB24F /* Frameworks */ = {
			isa = PBXFrameworksBuildPhase;
			buildActionMask = 2147483647;
			files = (
			);
			runOnlyForDeploymentPostprocessing = 0;
		};
		44A1A30D2B5F0A1500DAB24F /* Frameworks */ = {
			isa = PBXFrameworksBuildPhase;
			buildActionMask = 2147483647;
			files = (
			);
			runOnlyForDeploymentPostprocessing = 0;
		};
		44A1A3172B5F0A1500DAB24F /* Frameworks */ = {
			isa = PBXFrameworksBuildPhase;
			buildActionMask = 2147483647;
			files = (
			);
			runOnlyForDeploymentPostprocessing = 0;
		};
/* End PBXFrameworksBuildPhase section */

/* Begin PBXGroup section */
		4415C4913076C78900218BBD /* Views */ = {
			isa = PBXGroup;
			children = (
				44A1A3052B5F0A1200DAB24F /* ContentView.swift */,
				4415C48D3075E7CC00218BBD /* HistogramView.swift */,
				44A1A3352B5F50E200DAB24F /* FrameView.swift */,
			);
			path = Views;
			sourceTree = "<group>";
		};
		4415C4923076C7A300218BBD /* Support */ = {
			isa = PBXGroup;
			children = (
				4415C4893075E7BB00218BBD /* RingBuffer.swift */,
				4415C48B3075E7C400218BBD /* Histogram.swift */,
				4415C48F3076BBAD00218BBD /* TimeIntervalList.swift */,
				4415C493307960F600218BBD /* FrameFilter.swift */,
				4415C4953079735600218BBD /* CVPixelBufferExtension.swift */,
			);
			path = Support;
			sourceTree = "<group>";
		};
		44A1A2F72B5F0A1200DAB24F = {
			isa = PBXGroup;
			children = (
				44A1A3022B5F0A1200DAB24F /* FlickerFindr */,
				44A1A3132B5F0A1500DAB24F /* FlickerFindrTests */,
				44A1A31D2B5F0A1500DAB24F /* FlickerFindrUITests */,
				44A1A3012B5F0A1200DAB24F /* Products */,
				44D90DD6306C4CF90028F96C /* Notes */,
			);
			sourceTree = "<group>";
		};
		44A1A3012B5F0A1200DAB24F /* Products */ = {
			isa = PBXGroup;
			children = (
				44A1A3002B5F0A1200DAB24F /* FlickerFindr.app */,
				44A1A3102B5F0A1500DAB24F /* FlickerFindrTests.xctest */,
				44A1A31A2B5F0A1500DAB24F /* FlickerFindrUITests.xctest */,
			);
			name = Products;
			sourceTree = "<group>";
		};
		44A1A3022B5F0A1200DAB24F /* FlickerFindr */ = {
			isa = PBXGroup;
			children = (
				44A1A3032B5F0A1200DAB24F /* FlickerFindrApp.swift */,
				44A1A3372B5F517100DAB24F /* FrameHandler.swift */,
				4415C4913076C78900218BBD /* Views */,
				4415C4923076C7A300218BBD /* Support */,
				44A1A3072B5F0A1400DAB24F /* Assets.xcassets */,
				44A1A3092B5F0A1400DAB24F /* Preview Content */,
			);
			path = FlickerFindr;
			sourceTree = "<group>";
		};
		44A1A3092B5F0A1400DAB24F /* Preview Content */ = {
			isa = PBXGroup;
			children = (
				44A1A30A2B5F0A1400DAB24F /* Preview Assets.xcassets */,
			);
			path = "Preview Content";
			sourceTree = "<group>";
		};
		44A1A3132B5F0A1500DAB24F /* FlickerFindrTests */ = {
			isa = PBXGroup;
			children = (
				44A1A3142B5F0A1500DAB24F /* FlickerFindrTests.swift */,
			);
			path = FlickerFindrTests;
			sourceTree = "<group>";
		};
		44A1A31D2B5F0A1500DAB24F /* FlickerFindrUITests */ = {
			isa = PBXGroup;
			children = (
				44A1A31E2B5F0A1500DAB24F /* FlickerFindrUITests.swift */,
				44A1A3202B5F0A1500DAB24F /* FlickerFindrUITestsLaunchTests.swift */,
			);
			path = FlickerFindrUITests;
			sourceTree = "<group>";
		};
/* End PBXGroup section */

/* Begin PBXNativeTarget section */
		44A1A2FF2B5F0A1200DAB24F /* FlickerFindr */ = {
			isa = PBXNativeTarget;
			buildConfigurationList = 44A1A3242B5F0A1500DAB24F /* Build configuration list for PBXNativeTarget "FlickerFindr" */;
			buildPhases = (
				44A1A2FC2B5F0A1200DAB24F /* Sources */,
				44A1A2FD2B5F0A1200DAB24F /* Frameworks */,
				44A1A2FE2B5F0A1200DAB24F /* Resources */,
			);
			buildRules = (
			);
			dependencies = (
			);
			name = FlickerFindr;
			productName = FlickerFindr;
			productReference = 44A1A3002B5F0A1200DAB24F /* FlickerFindr.app */;
			productType = "com.apple.product-type.application";
		};
		44A1A30F2B5F0A1500DAB24F /* FlickerFindrTests */ = {
			isa = PBXNativeTarget;
			buildConfigurationList = 44A1A3272B5F0A1500DAB24F /* Build configuration list for PBXNativeTarget "FlickerFindrTests" */;
			buildPhases = (
				44A1A30C2B5F0A1500DAB24F /* Sources */,
				44A1A30D2B5F0A1500DAB24F /* Frameworks */,
				44A1A30E2B5F0A1500DAB24F /* Resources */,
			);
			buildRules = (
			);
			dependencies = (
				44A1A3122B5F0A1500DAB24F /* PBXTargetDependency */,
			);
			name = FlickerFindrTests;
			productName = FlickerFindrTests;
			productReference = 44A1A3102B5F0A1500DAB24F /* FlickerFindrTests.xctest */;
			productType = "com.apple.product-type.bundle.unit-test";
		};
		44A1A3192B5F0A1500DAB24F /* FlickerFindrUITests */ = {
			isa = PBXNativeTarget;
			buildConfigurationList = 44A1A32A2B5F0A1500DAB24F /* Build configuration list for PBXNativeTarget "FlickerFindrUITests" */;
			buildPhases = (
				44A1A3162B5F0A1500DAB24F /* Sources */,
				44A1A3172B5F0A1500DAB24F /* Frameworks */,
				44A1A3182B5F0A1500DAB24F /* Resources */,
			);
			buildRules = (
			);
			dependencies = (
				44A1A31C2B5F0A1500DAB24F /* PBXTargetDependency */,
			);
			name = FlickerFindrUITests;
			productName = FlickerFindrUITests;
			productReference = 44A1A31A2B5F0A1500DAB24F /* FlickerFindrUITests.xctest */;
			productType = "com.apple.product-type.bundle.ui-testing";
		};
/* End PBXNativeTarget section */

/* Begin PBXProject section */
		44A1A2F82B5F0A1200DAB24F /* Project object */ = {
			isa = PBXProject;
			attributes = {
				BuildIndependentTargetsInParallel = 1;
				LastSwiftUpdateCheck = 1520;
				LastUpgradeCheck = 2700;
				TargetAttributes = {
					44A1A2FF2B5F0A1200DAB24F = {
						CreatedOnToolsVersion = 15.2;
					};
					44A1A30F2B5F0A1500DAB24F = {
						CreatedOnToolsVersion = 15.2;
						TestTargetID = 44A1A2FF2B5F0A1200DAB24F;
					};
					44A1A3192B5F0A1500DAB24F = {
						CreatedOnToolsVersion = 15.2;
						TestTargetID = 44A1A2FF2B5F0A1200DAB24F;
					};
				};
			};
			buildConfigurationList = 44A1A2FB2B5F0A1200DAB24F /* Build configuration list for PBXProject "FlickerFindr" */;
			compatibilityVersion = "Xcode 14.0";
			developmentRegion = en;
			hasScannedForEncodings = 0;
			knownRegions = (
				en,
				Base,
			);
			mainGroup = 44A1A2F72B5F0A1200DAB24F;
			productRefGroup = 44A1A3012B5F0A1200DAB24F /* Products */;
			projectDirPath = "";
			projectRoot = "";
			targets = (
				44A1A2FF2B5F0A1200DAB24F /* FlickerFindr */,
				44A1A30F2B5F0A1500DAB24F /* FlickerFindrTests */,
				44A1A3192B5F0A1500DAB24F /* FlickerFindrUITests */,
			);
		};
/* End PBXProject section */

/* Begin PBXResourcesBuildPhase section */
		44A1A2FE2B5F0A1200DAB24F /* Resources */ = {
			isa = PBXResourcesBuildPhase;
			buildActionMask = 2147483647;
			files = (
				44A1A30B2B5F0A1400DAB24F /* Preview Assets.xcassets in Resources */,
				44A1A3082B5F0A1400DAB24F /* Assets.xcassets in Resources */,
			);
			runOnlyForDeploymentPostprocessing = 0;
		};
		44A1A30E2B5F0A1500DAB24F /* Resources */ = {
			isa = PBXResourcesBuildPhase;
			buildActionMask = 2147483647;
			files = (
			);
			runOnlyForDeploymentPostprocessing = 0;
		};
		44A1A3182B5F0A1500DAB24F /* Resources */ = {
			isa = PBXResourcesBuildPhase;
			buildActionMask = 2147483647;
			files = (
			);
			runOnlyForDeploymentPostprocessing = 0;
		};
/* End PBXResourcesBuildPhase section */

/* Begin PBXSourcesBuildPhase section */
		44A1A2FC2B5F0A1200DAB24F /* Sources */ = {
			isa = PBXSourcesBuildPhase;
			buildActionMask = 2147483647;
			files = (
				4415C48C3075E7C400218BBD /* Histogram.swift in Sources */,
				4415C4903076BBAD00218BBD /* TimeIntervalList.swift in Sources */,
				4415C48E3075E7CC00218BBD /* HistogramView.swift in Sources */,
				44A1A3382B5F517100DAB24F /* FrameHandler.swift in Sources */,
				4415C48A3075E7BB00218BBD /* RingBuffer.swift in Sources */,
				4415C4963079735600218BBD /* CVPixelBufferExtension.swift in Sources */,
				44A1A3362B5F50E200DAB24F /* FrameView.swift in Sources */,
				44A1A3062B5F0A1200DAB24F /* ContentView.swift in Sources */,
				4415C494307960F600218BBD /* FrameFilter.swift in Sources */,
				44A1A3042B5F0A1200DAB24F /* FlickerFindrApp.swift in Sources */,
			);
			runOnlyForDeploymentPostprocessing = 0;
		};
		44A1A30C2B5F0A1500DAB24F /* Sources */ = {
			isa = PBXSourcesBuildPhase;
			buildActionMask = 2147483647;
			files = (
				44A1A3152B5F0A1500DAB24F /* FlickerFindrTests.swift in Sources */,
			);
			runOnlyForDeploymentPostprocessing = 0;
		};
		44A1A3162B5F0A1500DAB24F /* Sources */ = {
			isa = PBXSourcesBuildPhase;
			buildActionMask = 2147483647;
			files = (
				44A1A31F2B5F0A1500DAB24F /* FlickerFindrUITests.swift in Sources */,
				44A1A3212B5F0A1500DAB24F /* FlickerFindrUITestsLaunchTests.swift in Sources */,
			);
			runOnlyForDeploymentPostprocessing = 0;
		};
/* End PBXSourcesBuildPhase section */

/* Begin PBXTargetDependency section */
		44A1A3122B5F0A1500DAB24F /* PBXTargetDependency */ = {
			isa = PBXTargetDependency;
			target = 44A1A2FF2B5F0A1200DAB24F /* FlickerFindr */;
			targetProxy = 44A1A3112B5F0A1500DAB24F /* PBXContainerItemProxy */;
		};
		44A1A31C2B5F0A1500DAB24F /* PBXTargetDependency */ = {
			isa = PBXTargetDependency;
			target = 44A1A2FF2B5F0A1200DAB24F /* FlickerFindr */;
			targetProxy = 44A1A31B2B5F0A1500DAB24F /* PBXContainerItemProxy */;
		};
/* End PBXTargetDependency section */

/* Begin XCBuildConfiguration section */
		44A1A3222B5F0A1500DAB24F /* Debug */ = {
			isa = XCBuildConfiguration;
			buildSettings = {
				ALWAYS_SEARCH_USER_PATHS = NO;
				ASSETCATALOG_COMPILER_GENERATE_SWIFT_ASSET_SYMBOL_EXTENSIONS = YES;
				CLANG_ANALYZER_NONNULL = YES;
				CLANG_ANALYZER_NUMBER_OBJECT_CONVERSION = YES_AGGRESSIVE;
				CLANG_CXX_LANGUAGE_STANDARD = "gnu++20";
				CLANG_ENABLE_MODULES = YES;
				CLANG_ENABLE_OBJC_ARC = YES;
				CLANG_ENABLE_OBJC_WEAK = YES;
				CLANG_WARN_BLOCK_CAPTURE_AUTORELEASING = YES;
				CLANG_WARN_BOOL_CONVERSION = YES;
				CLANG_WARN_COMMA = YES;
				CLANG_WARN_CONSTANT_CONVERSION = YES;
				CLANG_WARN_DEPRECATED_OBJC_IMPLEMENTATIONS = YES;
				CLANG_WARN_DIRECT_OBJC_ISA_USAGE = YES_ERROR;
				CLANG_WARN_DOCUMENTATION_COMMENTS = YES;
				CLANG_WARN_EMPTY_BODY = YES;
				CLANG_WARN_ENUM_CONVERSION = YES;
				CLANG_WARN_INFINITE_RECURSION = YES;
				CLANG_WARN_INT_CONVERSION = YES;
				CLANG_WARN_NON_LITERAL_NULL_CONVERSION = YES;
				CLANG_WARN_OBJC_IMPLICIT_RETAIN_SELF = YES;
				CLANG_WARN_OBJC_LITERAL_CONVERSION = YES;
				CLANG_WARN_OBJC_ROOT_CLASS = YES_ERROR;
				CLANG_WARN_QUOTED_INCLUDE_IN_FRAMEWORK_HEADER = YES;
				CLANG_WARN_RANGE_LOOP_ANALYSIS = YES;
				CLANG_WARN_STRICT_PROTOTYPES = YES;
				CLANG_WARN_SUSPICIOUS_MOVE = YES;
				CLANG_WARN_UNGUARDED_AVAILABILITY = YES_AGGRESSIVE;
				CLANG_WARN_UNREACHABLE_CODE = YES;
				CLANG_WARN__DUPLICATE_METHOD_MATCH = YES;
				COPY_PHASE_STRIP = NO;
				DEBUG_INFORMATION_FORMAT = dwarf;
				DEVELOPMENT_TEAM = RSHH8JAP2K;
				ENABLE_STRICT_OBJC_MSGSEND = YES;
				ENABLE_TESTABILITY = YES;
				ENABLE_USER_SCRIPT_SANDBOXING = YES;
				GCC_C_LANGUAGE_STANDARD = gnu17;
				GCC_DYNAMIC_NO_PIC = NO;
				GCC_NO_COMMON_BLOCKS = YES;
				GCC_OPTIMIZATION_LEVEL = 0;
				GCC_PREPROCESSOR_DEFINITIONS = (
					"DEBUG=1",
					"$(inherited)",
				);
				GCC_WARN_64_TO_32_BIT_CONVERSION = YES;
				GCC_WARN_ABOUT_RETURN_TYPE = YES_ERROR;
				GCC_WARN_UNDECLARED_SELECTOR = YES;
				GCC_WARN_UNINITIALIZED_AUTOS = YES_AGGRESSIVE;
				GCC_WARN_UNUSED_FUNCTION = YES;
				GCC_WARN_UNUSED_VARIABLE = YES;
				IPHONEOS_DEPLOYMENT_TARGET = 27.0;
				LOCALIZATION_PREFERS_STRING_CATALOGS = YES;
				MTL_ENABLE_DEBUG_INFO = INCLUDE_SOURCE;
				MTL_FAST_MATH = YES;
				ONLY_ACTIVE_ARCH = YES;
				SDKROOT = iphoneos;
				STRING_CATALOG_GENERATE_SYMBOLS = YES;
				SWIFT_ACTIVE_COMPILATION_CONDITIONS = "DEBUG $(inherited)";
				SWIFT_OPTIMIZATION_LEVEL = "-Onone";
			};
			name = Debug;
		};
		44A1A3232B5F0A1500DAB24F /* Release */ = {
			isa = XCBuildConfiguration;
			buildSettings = {
				ALWAYS_SEARCH_USER_PATHS = NO;
				ASSETCATALOG_COMPILER_GENERATE_SWIFT_ASSET_SYMBOL_EXTENSIONS = YES;
				CLANG_ANALYZER_NONNULL = YES;
				CLANG_ANALYZER_NUMBER_OBJECT_CONVERSION = YES_AGGRESSIVE;
				CLANG_CXX_LANGUAGE_STANDARD = "gnu++20";
				CLANG_ENABLE_MODULES = YES;
				CLANG_ENABLE_OBJC_ARC = YES;
				CLANG_ENABLE_OBJC_WEAK = YES;
				CLANG_WARN_BLOCK_CAPTURE_AUTORELEASING = YES;
				CLANG_WARN_BOOL_CONVERSION = YES;
				CLANG_WARN_COMMA = YES;
				CLANG_WARN_CONSTANT_CONVERSION = YES;
				CLANG_WARN_DEPRECATED_OBJC_IMPLEMENTATIONS = YES;
				CLANG_WARN_DIRECT_OBJC_ISA_USAGE = YES_ERROR;
				CLANG_WARN_DOCUMENTATION_COMMENTS = YES;
				CLANG_WARN_EMPTY_BODY = YES;
				CLANG_WARN_ENUM_CONVERSION = YES;
				CLANG_WARN_INFINITE_RECURSION = YES;
				CLANG_WARN_INT_CONVERSION = YES;
				CLANG_WARN_NON_LITERAL_NULL_CONVERSION = YES;
				CLANG_WARN_OBJC_IMPLICIT_RETAIN_SELF = YES;
				CLANG_WARN_OBJC_LITERAL_CONVERSION = YES;
				CLANG_WARN_OBJC_ROOT_CLASS = YES_ERROR;
				CLANG_WARN_QUOTED_INCLUDE_IN_FRAMEWORK_HEADER = YES;
				CLANG_WARN_RANGE_LOOP_ANALYSIS = YES;
				CLANG_WARN_STRICT_PROTOTYPES = YES;
				CLANG_WARN_SUSPICIOUS_MOVE = YES;
				CLANG_WARN_UNGUARDED_AVAILABILITY = YES_AGGRESSIVE;
				CLANG_WARN_UNREACHABLE_CODE = YES;
				CLANG_WARN__DUPLICATE_METHOD_MATCH = YES;
				COPY_PHASE_STRIP = NO;
				DEBUG_INFORMATION_FORMAT = "dwarf-with-dsym";
				DEVELOPMENT_TEAM = RSHH8JAP2K;
				ENABLE_NS_ASSERTIONS = NO;
				ENABLE_STRICT_OBJC_MSGSEND = YES;
				ENABLE_USER_SCRIPT_SANDBOXING = YES;
				GCC_C_LANGUAGE_STANDARD = gnu17;
				GCC_NO_COMMON_BLOCKS = YES;
				GCC_WARN_64_TO_32_BIT_CONVERSION = YES;
				GCC_WARN_ABOUT_RETURN_TYPE = YES_ERROR;
				GCC_WARN_UNDECLARED_SELECTOR = YES;
				GCC_WARN_UNINITIALIZED_AUTOS = YES_AGGRESSIVE;
				GCC_WARN_UNUSED_FUNCTION = YES;
				GCC_WARN_UNUSED_VARIABLE = YES;
				IPHONEOS_DEPLOYMENT_TARGET = 27.0;
				LOCALIZATION_PREFERS_STRING_CATALOGS = YES;
				MTL_ENABLE_DEBUG_INFO = NO;
				MTL_FAST_MATH = YES;
				SDKROOT = iphoneos;
				STRING_CATALOG_GENERATE_SYMBOLS = YES;
				SWIFT_COMPILATION_MODE = wholemodule;
				VALIDATE_PRODUCT = YES;
			};
			name = Release;
		};
		44A1A3252B5F0A1500DAB24F /* Debug */ = {
			isa = XCBuildConfiguration;
			buildSettings = {
				ASSETCATALOG_COMPILER_APPICON_NAME = AppIcon;
				ASSETCATALOG_COMPILER_GLOBAL_ACCENT_COLOR_NAME = AccentColor;
				CODE_SIGN_STYLE = Automatic;
				CURRENT_PROJECT_VERSION = 1;
				DEVELOPMENT_ASSET_PATHS = "\"FlickerFindr/Preview Content\"";
				ENABLE_PREVIEWS = YES;
				GENERATE_INFOPLIST_FILE = YES;
				INFOPLIST_KEY_NSCameraUsageDescription = "Camera access required";
				INFOPLIST_KEY_UIApplicationSceneManifest_Generation = YES;
				INFOPLIST_KEY_UIApplicationSupportsIndirectInputEvents = YES;
				INFOPLIST_KEY_UILaunchScreen_Generation = YES;
				INFOPLIST_KEY_UISupportedInterfaceOrientations_iPad = "UIInterfaceOrientationPortrait UIInterfaceOrientationPortraitUpsideDown UIInterfaceOrientationLandscapeLeft UIInterfaceOrientationLandscapeRight";
				INFOPLIST_KEY_UISupportedInterfaceOrientations_iPhone = "UIInterfaceOrientationPortrait UIInterfaceOrientationLandscapeLeft UIInterfaceOrientationLandscapeRight";
				LD_RUNPATH_SEARCH_PATHS = (
					"$(inherited)",
					"@executable_path/Frameworks",
				);
				MARKETING_VERSION = 1.0;
				PRODUCT_BUNDLE_IDENTIFIER = floyd.FlickerFindr;
				PRODUCT_NAME = "$(TARGET_NAME)";
				SWIFT_EMIT_LOC_STRINGS = YES;
				SWIFT_VERSION = 5.0;
				TARGETED_DEVICE_FAMILY = "1,2";
			};
			name = Debug;
		};
		44A1A3262B5F0A1500DAB24F /* Release */ = {
			isa = XCBuildConfiguration;
			buildSettings = {
				ASSETCATALOG_COMPILER_APPICON_NAME = AppIcon;
				ASSETCATALOG_COMPILER_GLOBAL_ACCENT_COLOR_NAME = AccentColor;
				CODE_SIGN_STYLE = Automatic;
				CURRENT_PROJECT_VERSION = 1;
				DEVELOPMENT_ASSET_PATHS = "\"FlickerFindr/Preview Content\"";
				ENABLE_PREVIEWS = YES;
				GENERATE_INFOPLIST_FILE = YES;
				INFOPLIST_KEY_NSCameraUsageDescription = "Camera access required";
				INFOPLIST_KEY_UIApplicationSceneManifest_Generation = YES;
				INFOPLIST_KEY_UIApplicationSupportsIndirectInputEvents = YES;
				INFOPLIST_KEY_UILaunchScreen_Generation = YES;
				INFOPLIST_KEY_UISupportedInterfaceOrientations_iPad = "UIInterfaceOrientationPortrait UIInterfaceOrientationPortraitUpsideDown UIInterfaceOrientationLandscapeLeft UIInterfaceOrientationLandscapeRight";
				INFOPLIST_KEY_UISupportedInterfaceOrientations_iPhone = "UIInterfaceOrientationPortrait UIInterfaceOrientationLandscapeLeft UIInterfaceOrientationLandscapeRight";
				LD_RUNPATH_SEARCH_PATHS = (
					"$(inherited)",
					"@executable_path/Frameworks",
				);
				MARKETING_VERSION = 1.0;
				PRODUCT_BUNDLE_IDENTIFIER = floyd.FlickerFindr;
				PRODUCT_NAME = "$(TARGET_NAME)";
				SWIFT_EMIT_LOC_STRINGS = YES;
				SWIFT_VERSION = 5.0;
				TARGETED_DEVICE_FAMILY = "1,2";
			};
			name = Release;
		};
		44A1A3282B5F0A1500DAB24F /* Debug */ = {
			isa = XCBuildConfiguration;
			buildSettings = {
				BUNDLE_LOADER = "$(TEST_HOST)";
				CODE_SIGN_STYLE = Automatic;
				CURRENT_PROJECT_VERSION = 1;
				GENERATE_INFOPLIST_FILE = YES;
				IPHONEOS_DEPLOYMENT_TARGET = 17.2;
				MARKETING_VERSION = 1.0;
				PRODUCT_BUNDLE_IDENTIFIER = floyd.FlickerFindrTests;
				PRODUCT_NAME = "$(TARGET_NAME)";
				SWIFT_EMIT_LOC_STRINGS = NO;
				SWIFT_VERSION = 5.0;
				TARGETED_DEVICE_FAMILY = "1,2";
				TEST_HOST = "$(BUILT_PRODUCTS_DIR)/FlickerFindr.app/$(BUNDLE_EXECUTABLE_FOLDER_PATH)/FlickerFindr";
			};
			name = Debug;
		};
		44A1A3292B5F0A1500DAB24F /* Release */ = {
			isa = XCBuildConfiguration;
			buildSettings = {
				BUNDLE_LOADER = "$(TEST_HOST)";
				CODE_SIGN_STYLE = Automatic;
				CURRENT_PROJECT_VERSION = 1;
				GENERATE_INFOPLIST_FILE = YES;
				IPHONEOS_DEPLOYMENT_TARGET = 17.2;
				MARKETING_VERSION = 1.0;
				PRODUCT_BUNDLE_IDENTIFIER = floyd.FlickerFindrTests;
				PRODUCT_NAME = "$(TARGET_NAME)";
				SWIFT_EMIT_LOC_STRINGS = NO;
				SWIFT_VERSION = 5.0;
				TARGETED_DEVICE_FAMILY = "1,2";
				TEST_HOST = "$(BUILT_PRODUCTS_DIR)/FlickerFindr.app/$(BUNDLE_EXECUTABLE_FOLDER_PATH)/FlickerFindr";
			};
			name = Release;
		};
		44A1A32B2B5F0A1500DAB24F /* Debug */ = {
			isa = XCBuildConfiguration;
			buildSettings = {
				CODE_SIGN_STYLE = Automatic;
				CURRENT_PROJECT_VERSION = 1;
				GENERATE_INFOPLIST_FILE = YES;
				MARKETING_VERSION = 1.0;
				PRODUCT_BUNDLE_IDENTIFIER = floyd.FlickerFindrUITests;
				PRODUCT_NAME = "$(TARGET_NAME)";
				SWIFT_EMIT_LOC_STRINGS = NO;
				SWIFT_VERSION = 5.0;
				TARGETED_DEVICE_FAMILY = "1,2";
				TEST_TARGET_NAME = FlickerFindr;
			};
			name = Debug;
		};
		44A1A32C2B5F0A1500DAB24F /* Release */ = {
			isa = XCBuildConfiguration;
			buildSettings = {
				CODE_SIGN_STYLE = Automatic;
				CURRENT_PROJECT_VERSION = 1;
				GENERATE_INFOPLIST_FILE = YES;
				MARKETING_VERSION = 1.0;
				PRODUCT_BUNDLE_IDENTIFIER = floyd.FlickerFindrUITests;
				PRODUCT_NAME = "$(TARGET_NAME)";
				SWIFT_EMIT_LOC_STRINGS = NO;
				SWIFT_VERSION = 5.0;
				TARGETED_DEVICE_FAMILY = "1,2";
				TEST_TARGET_NAME = FlickerFindr;
			};
			name = Release;
		};
/* End XCBuildConfiguration section */

/* Begin XCConfigurationList section */
		44A1A2FB2B5F0A1200DAB24F /* Build configuration list for PBXProject "FlickerFindr" */ = {
			isa = XCConfigurationList;
			buildConfigurations = (
				44A1A3222B5F0A1500DAB24F /* Debug */,
				44A1A3232B5F0A1500DAB24F /* Release */,
			);
			defaultConfigurationIsVisible = 0;
			defaultConfigurationName = Release;
		};
		44A1A3242B5F0A1500DAB24F /* Build configuration list for PBXNativeTarget "FlickerFindr" */ = {
			isa = XCConfigurationList;
			buildConfigurations = (
				44A1A3252B5F0A1500DAB24F /* Debug */,
				44A1A3262B5F0A1500DAB24F /* Release */,
			);
			defaultConfigurationIsVisible = 0;
			defaultConfigurationName = Release;
		};
		44A1A3272B5F0A1500DAB24F /* Build configuration list for PBXNativeTarget "FlickerFindrTests" */ = {
			isa = XCConfigurationList;
			buildConfigurations = (
				44A1A3282B5F0A1500DAB24F /* Debug */,
				44A1A3292B5F0A1500DAB24F /* Release */,
			);
			defaultConfigurationIsVisible = 0;
			defaultConfigurationName = Release;
		};
		44A1A32A2B5F0A1500DAB24F /* Build configuration list for PBXNativeTarget "FlickerFindrUITests" */ = {
			isa = XCConfigurationList;
			buildConfigurations = (
				44A1A32B2B5F0A1500DAB24F /* Debug */,
				44A1A32C2B5F0A1500DAB24F /* Release */,
			);
			defaultConfigurationIsVisible = 0;
			defaultConfigurationName = Release;
		};
/* End XCConfigurationList section */
	};
	rootObject = 44A1A2F82B5F0A1200DAB24F /* Project object */;
}
